
Microsoft Visual Studio Solution File, Format Version 12.00
# Visual Studio Version 17
VisualStudioVersion = 17.9.34728.123
MinimumVisualStudioVersion = 10.0.40219.1
Project("{9A19103F-16F7-4668-BE54-9A1E7A4F7556}") = "azure-blob-upload-blazor", "azure-blob-upload-blazor\azure-blob-upload-blazor\azure-blob-upload-blazor.csproj", "{70631DAB-3CFA-4C7E-A23F-DE67B6D744CF}"
EndProject
Project("{9A19103F-16F7-4668-BE54-9A1E7A4F7556}") = "azure-blob-upload-blazor.Client", "azure-blob-upload-blazor\azure-blob-upload-blazor.Client\azure-blob-upload-blazor.Client.csproj", "{4749CDB6-207A-4E20-B569-2F2EC7BB9B71}"
EndProject
Global
	GlobalSection(SolutionConfigurationPlatforms) = preSolution
		Debug|Any CPU = Debug|Any CPU
		Release|Any CPU = Release|Any CPU
	EndGlobalSection
	GlobalSection(ProjectConfigurationPlatforms) = postSolution
		{70631DAB-3CFA-4C7E-A23F-DE67B6D744CF}.Debug|Any CPU.ActiveCfg = Debug|Any CPU
		{70631DAB-3CFA-4C7E-A23F-DE67B6D744CF}.Debug|Any CPU.Build.0 = Debug|Any CPU
		{70631DAB-3CFA-4C7E-A23F-DE67B6D744CF}.Release|Any CPU.ActiveCfg = Release|Any CPU
		{70631DAB-3CFA-4C7E-A23F-DE67B6D744CF}.Release|Any CPU.Build.0 = Release|Any CPU
		{4749CDB6-207A-4E20-B569-2F2EC7BB9B71}.Debug|Any CPU.ActiveCfg = Debug|Any CPU
		{4749CDB6-207A-4E20-B569-2F2EC7BB9B71}.Debug|Any CPU.Build.0 = Debug|Any CPU
		{4749CDB6-207A-4E20-B569-2F2EC7BB9B71}.Release|Any CPU.ActiveCfg = Release|Any CPU
		{4749CDB6-207A-4E20-B569-2F2EC7BB9B71}.Release|Any CPU.Build.0 = Release|Any CPU
	EndGlobalSection
	GlobalSection(SolutionProperties) = preSolution
		HideSolutionNode = FALSE
	EndGlobalSection
	GlobalSection(ExtensibilityGlobals) = postSolution
		SolutionGuid = {7DDF3D37-D537-4CB3-967F-EE2DC48D40DB}
	EndGlobalSection
EndGlobal
